
Microsoft Visual Studio Solution File, Format Version 12.00
# Visual Studio Version 17
VisualStudioVersion = 17.5.33414.496
MinimumVisualStudioVersion = 10.0.40219.1
Project("{FAE04EC0-301F-11D3-BF4B-00C04F79EFBC}") = "DatePersonale", "DatePersonale\DatePersonale.csproj", "{22D055A5-DECA-4E0E-9670-7B6D4830490B}"
EndProject
Global
	GlobalSection(SolutionConfigurationPlatforms) = preSolution
		Debug|Any CPU = Debug|Any CPU
		Release|Any CPU = Release|Any CPU
	EndGlobalSection
	GlobalSection(ProjectConfigurationPlatforms) = postSolution
		{22D055A5-DECA-4E0E-9670-7B6D4830490B}.Debug|Any CPU.ActiveCfg = Debug|Any CPU
		{22D055A5-DECA-4E0E-9670-7B6D4830490B}.Debug|Any CPU.Build.0 = Debug|Any CPU
		{22D055A5-DECA-4E0E-9670-7B6D4830490B}.Release|Any CPU.ActiveCfg = Release|Any CPU
		{22D055A5-DECA-4E0E-9670-7B6D4830490B}.Release|Any CPU.Build.0 = Release|Any CPU
	EndGlobalSection
	GlobalSection(SolutionProperties) = preSolution
		HideSolutionNode = FALSE
	EndGlobalSection
	GlobalSection(ExtensibilityGlobals) = postSolution
		SolutionGuid = {D6B18FEB-884E-4FF7-8ABC-92366558476C}
	EndGlobalSection
EndGlobal
